
Microsoft Visual Studio Solution File, Format Version 12.00
Project("{FAE04EC0-301F-11D3-BF4B-00C04F79EFBC}") = "Chapter08_Try01", "Chapter08_Try01\Chapter08_Try01.csproj", "{65C1CC5B-DB0E-4DE9-93A9-37E3DD28ED1D}"
EndProject
Global
	GlobalSection(SolutionConfigurationPlatforms) = preSolution
		Debug|Any CPU = Debug|Any CPU
		Release|Any CPU = Release|Any CPU
	EndGlobalSection
	GlobalSection(ProjectConfigurationPlatforms) = postSolution
		{65C1CC5B-DB0E-4DE9-93A9-37E3DD28ED1D}.Debug|Any CPU.ActiveCfg = Debug|Any CPU
		{65C1CC5B-DB0E-4DE9-93A9-37E3DD28ED1D}.Debug|Any CPU.Build.0 = Debug|Any CPU
		{65C1CC5B-DB0E-4DE9-93A9-37E3DD28ED1D}.Release|Any CPU.ActiveCfg = Release|Any CPU
		{65C1CC5B-DB0E-4DE9-93A9-37E3DD28ED1D}.Release|Any CPU.Build.0 = Release|Any CPU
	EndGlobalSection
EndGlobal
